
Microsoft Visual Studio Solution File, Format Version 12.00
# Visual Studio Version 16
VisualStudioVersion = 16.0.29123.88
MinimumVisualStudioVersion = 10.0.40219.1
Project("{FAE04EC0-301F-11D3-BF4B-00C04F79EFBC}") = "myCalculator", "myCalculator\myCalculator.csproj", "{A25FF2C1-9B0C-4830-A7AC-0264C454997C}"
EndProject
Project("{FAE04EC0-301F-11D3-BF4B-00C04F79EFBC}") = "myCalculator.Tests", "myCalculator.Tests\myCalculator.Tests.csproj", "{865E8509-FDBF-485E-9F54-5EA35845DA54}"
EndProject
Global
	GlobalSection(SolutionConfigurationPlatforms) = preSolution
		Debug|Any CPU = Debug|Any CPU
		Release|Any CPU = Release|Any CPU
	EndGlobalSection
	GlobalSection(ProjectConfigurationPlatforms) = postSolution
		{A25FF2C1-9B0C-4830-A7AC-0264C454997C}.Debug|Any CPU.ActiveCfg = Debug|Any CPU
		{A25FF2C1-9B0C-4830-A7AC-0264C454997C}.Debug|Any CPU.Build.0 = Debug|Any CPU
		{A25FF2C1-9B0C-4830-A7AC-0264C454997C}.Release|Any CPU.ActiveCfg = Release|Any CPU
		{A25FF2C1-9B0C-4830-A7AC-0264C454997C}.Release|Any CPU.Build.0 = Release|Any CPU
		{865E8509-FDBF-485E-9F54-5EA35845DA54}.Debug|Any CPU.ActiveCfg = Debug|Any CPU
		{865E8509-FDBF-485E-9F54-5EA35845DA54}.Debug|Any CPU.Build.0 = Debug|Any CPU
		{865E8509-FDBF-485E-9F54-5EA35845DA54}.Release|Any CPU.ActiveCfg = Release|Any CPU
		{865E8509-FDBF-485E-9F54-5EA35845DA54}.Release|Any CPU.Build.0 = Release|Any CPU
	EndGlobalSection
	GlobalSection(SolutionProperties) = preSolution
		HideSolutionNode = FALSE
	EndGlobalSection
	GlobalSection(ExtensibilityGlobals) = postSolution
		SolutionGuid = {498583C3-3AE5-44E3-A149-B2D36CB7CD46}
	EndGlobalSection
EndGlobal
